
Microsoft Visual Studio Solution File, Format Version 12.00
# Visual Studio Version 17
VisualStudioVersion = 17.10.35004.147
MinimumVisualStudioVersion = 10.0.40219.1
Project("{FAE04EC0-301F-11D3-BF4B-00C04F79EFBC}") = "AirTekTestProject", "AirTekTestProject.csproj", "{11DA0FAC-7C3B-4AC7-8905-F9FCD9A11337}"
EndProject
Global
	GlobalSection(SolutionConfigurationPlatforms) = preSolution
		Debug|Any CPU = Debug|Any CPU
		Release|Any CPU = Release|Any CPU
	EndGlobalSection
	GlobalSection(ProjectConfigurationPlatforms) = postSolution
		{11DA0FAC-7C3B-4AC7-8905-F9FCD9A11337}.Debug|Any CPU.ActiveCfg = Debug|Any CPU
		{11DA0FAC-7C3B-4AC7-8905-F9FCD9A11337}.Debug|Any CPU.Build.0 = Debug|Any CPU
		{11DA0FAC-7C3B-4AC7-8905-F9FCD9A11337}.Release|Any CPU.ActiveCfg = Release|Any CPU
		{11DA0FAC-7C3B-4AC7-8905-F9FCD9A11337}.Release|Any CPU.Build.0 = Release|Any CPU
	EndGlobalSection
	GlobalSection(SolutionProperties) = preSolution
		HideSolutionNode = FALSE
	EndGlobalSection
	GlobalSection(ExtensibilityGlobals) = postSolution
		SolutionGuid = {EADB224E-2490-4E2B-9C71-99981277EDE5}
	EndGlobalSection
EndGlobal
